
Microsoft Visual Studio Solution File, Format Version 12.00
# Visual Studio Version 17
VisualStudioVersion = 17.14.36414.22 d17.14
MinimumVisualStudioVersion = 10.0.40219.1
Project("{FAE04EC0-301F-11D3-BF4B-00C04F79EFBC}") = "Repeated_Files", "Repeated_Files.csproj", "{A6C86895-9BC4-4C07-9F86-666266355723}"
EndProject
Global
	GlobalSection(SolutionConfigurationPlatforms) = preSolution
		Debug|Any CPU = Debug|Any CPU
		Release|Any CPU = Release|Any CPU
	EndGlobalSection
	GlobalSection(ProjectConfigurationPlatforms) = postSolution
		{A6C86895-9BC4-4C07-9F86-666266355723}.Debug|Any CPU.ActiveCfg = Debug|Any CPU
		{A6C86895-9BC4-4C07-9F86-666266355723}.Debug|Any CPU.Build.0 = Debug|Any CPU
		{A6C86895-9BC4-4C07-9F86-666266355723}.Release|Any CPU.ActiveCfg = Release|Any CPU
		{A6C86895-9BC4-4C07-9F86-666266355723}.Release|Any CPU.Build.0 = Release|Any CPU
	EndGlobalSection
	GlobalSection(SolutionProperties) = preSolution
		HideSolutionNode = FALSE
	EndGlobalSection
	GlobalSection(ExtensibilityGlobals) = postSolution
		SolutionGuid = {322B4B69-9C54-4771-9AA3-431ABE998D13}
	EndGlobalSection
EndGlobal
